
Microsoft Visual Studio Solution File, Format Version 12.00
# Visual Studio Version 16
VisualStudioVersion = 16.0.30517.126
MinimumVisualStudioVersion = 10.0.40219.1
Project("{FAE04EC0-301F-11D3-BF4B-00C04F79EFBC}") = "ADSSymbolViewer", "ADSSymbolViewer\ADSSymbolViewer.csproj", "{1E199C77-1AEA-43D0-AD7D-079303179C8C}"
EndProject
Global
	GlobalSection(SolutionConfigurationPlatforms) = preSolution
		Debug|Any CPU = Debug|Any CPU
		Release|Any CPU = Release|Any CPU
	EndGlobalSection
	GlobalSection(ProjectConfigurationPlatforms) = postSolution
		{1E199C77-1AEA-43D0-AD7D-079303179C8C}.Debug|Any CPU.ActiveCfg = Debug|Any CPU
		{1E199C77-1AEA-43D0-AD7D-079303179C8C}.Debug|Any CPU.Build.0 = Debug|Any CPU
		{1E199C77-1AEA-43D0-AD7D-079303179C8C}.Release|Any CPU.ActiveCfg = Release|Any CPU
		{1E199C77-1AEA-43D0-AD7D-079303179C8C}.Release|Any CPU.Build.0 = Release|Any CPU
	EndGlobalSection
	GlobalSection(SolutionProperties) = preSolution
		HideSolutionNode = FALSE
	EndGlobalSection
	GlobalSection(ExtensibilityGlobals) = postSolution
		SolutionGuid = {848764CD-17CB-4BA8-B42C-D20FCDE5DDD7}
	EndGlobalSection
EndGlobal
